// !$*UTF8*$!
{
	archiveVersion = 1;
	classes = {
	};
	objectVersion = 56;
	objects = {

/* Begin PBXBuildFile section */
		FF065DB72ABD33B40043E1AC /* CatViewModel.swift in Sources */ = {isa = PBXBuildFile; fileRef = FF065DB62ABD33B40043E1AC /* CatViewModel.swift */; };
		FF4840462ACFB5A80095E095 /* ProfileViewModel.swift in Sources */ = {isa = PBXBuildFile; fileRef = FF4840452ACFB5A80095E095 /* ProfileViewModel.swift */; };
		FF5C30E22ABC23B1001BD836 /* AppDelegate.swift in Sources */ = {isa = PBXBuildFile; fileRef = FF5C30E12ABC23B1001BD836 /* AppDelegate.swift */; };
		FF5C30E42ABC23B1001BD836 /* SceneDelegate.swift in Sources */ = {isa = PBXBuildFile; fileRef = FF5C30E32ABC23B1001BD836 /* SceneDelegate.swift */; };
		FF5C30E62ABC23B1001BD836 /* ViewController.swift in Sources */ = {isa = PBXBuildFile; fileRef = FF5C30E52ABC23B1001BD836 /* ViewController.swift */; };
		FF5C30EC2ABC23B1001BD836 /* TodoModel.xcdatamodeld in Sources */ = {isa = PBXBuildFile; fileRef = FF5C30EA2ABC23B1001BD836 /* TodoModel.xcdatamodeld */; };
		FF5C30EE2ABC23B2001BD836 /* Assets.xcassets in Resources */ = {isa = PBXBuildFile; fileRef = FF5C30ED2ABC23B2001BD836 /* Assets.xcassets */; };
		FF5C30F12ABC23B2001BD836 /* LaunchScreen.storyboard in Resources */ = {isa = PBXBuildFile; fileRef = FF5C30EF2ABC23B2001BD836 /* LaunchScreen.storyboard */; };
		FF5C30FA2ABC240D001BD836 /* ToDo+CoreDataClass.swift in Sources */ = {isa = PBXBuildFile; fileRef = FF5C30F82ABC240D001BD836 /* ToDo+CoreDataClass.swift */; };
		FF5C30FB2ABC240D001BD836 /* ToDo+CoreDataProperties.swift in Sources */ = {isa = PBXBuildFile; fileRef = FF5C30F92ABC240D001BD836 /* ToDo+CoreDataProperties.swift */; };
		FF5C31062ABC266F001BD836 /* SnapKit in Frameworks */ = {isa = PBXBuildFile; productRef = FF5C31052ABC266F001BD836 /* SnapKit */; };
		FF5C31092ABC267B001BD836 /* Alamofire in Frameworks */ = {isa = PBXBuildFile; productRef = FF5C31082ABC267B001BD836 /* Alamofire */; };
		FF5C312D2ABC2880001BD836 /* UseTodo.swift in Sources */ = {isa = PBXBuildFile; fileRef = FF5C312C2ABC2880001BD836 /* UseTodo.swift */; };
		FF5C31322ABC296D001BD836 /* NetworkManager.swift in Sources */ = {isa = PBXBuildFile; fileRef = FF5C31312ABC296D001BD836 /* NetworkManager.swift */; };
		FF5C31342ABC29BA001BD836 /* CompleteViewController.swift in Sources */ = {isa = PBXBuildFile; fileRef = FF5C31332ABC29BA001BD836 /* CompleteViewController.swift */; };
		FF5C31362ABC29D1001BD836 /* ProfileViewController.swift in Sources */ = {isa = PBXBuildFile; fileRef = FF5C31352ABC29D1001BD836 /* ProfileViewController.swift */; };
		FF5C31382ABC29DD001BD836 /* CollectionViewCell.swift in Sources */ = {isa = PBXBuildFile; fileRef = FF5C31372ABC29DD001BD836 /* CollectionViewCell.swift */; };
		FF5C313A2ABC29F6001BD836 /* DetailViewController.swift in Sources */ = {isa = PBXBuildFile; fileRef = FF5C31392ABC29F6001BD836 /* DetailViewController.swift */; };
		FF5C313C2ABC2A17001BD836 /* CatViewController.swift in Sources */ = {isa = PBXBuildFile; fileRef = FF5C313B2ABC2A17001BD836 /* CatViewController.swift */; };
		FF5C313E2ABC2A2D001BD836 /* PostViewController.swift in Sources */ = {isa = PBXBuildFile; fileRef = FF5C313D2ABC2A2D001BD836 /* PostViewController.swift */; };
		FF5C31402ABC2A5C001BD836 /* TableViewCell.swift in Sources */ = {isa = PBXBuildFile; fileRef = FF5C313F2ABC2A5C001BD836 /* TableViewCell.swift */; };
		FF5C31422ABC2A79001BD836 /* DataManager.swift in Sources */ = {isa = PBXBuildFile; fileRef = FF5C31412ABC2A79001BD836 /* DataManager.swift */; };
		FF5C31442ABC2A9B001BD836 /* CatImage.swift in Sources */ = {isa = PBXBuildFile; fileRef = FF5C31432ABC2A9B001BD836 /* CatImage.swift */; };
		FF5C31462ABC2ABD001BD836 /* Util.swift in Sources */ = {isa = PBXBuildFile; fileRef = FF5C31452ABC2ABD001BD836 /* Util.swift */; };
		FF5C31482ABC2D90001BD836 /* PostViewModel.swift in Sources */ = {isa = PBXBuildFile; fileRef = FF5C31472ABC2D90001BD836 /* PostViewModel.swift */; };
		FF5C314A2ABC82F6001BD836 /* DetailViewModel.swift in Sources */ = {isa = PBXBuildFile; fileRef = FF5C31492ABC82F6001BD836 /* DetailViewModel.swift */; };
		FF5C314C2ABC8FEE001BD836 /* CompleteViewModel.swift in Sources */ = {isa = PBXBuildFile; fileRef = FF5C314B2ABC8FEE001BD836 /* CompleteViewModel.swift */; };
/* End PBXBuildFile section */

/* Begin PBXFileReference section */
		FF065DB62ABD33B40043E1AC /* CatViewModel.swift */ = {isa = PBXFileReference; lastKnownFileType = sourcecode.swift; path = CatViewModel.swift; sourceTree = "<group>"; };
		FF4840452ACFB5A80095E095 /* ProfileViewModel.swift */ = {isa = PBXFileReference; lastKnownFileType = sourcecode.swift; path = ProfileViewModel.swift; sourceTree = "<group>"; };
		FF5C30DE2ABC23B1001BD836 /* Todo+profileApp.app */ = {isa = PBXFileReference; explicitFileType = wrapper.application; includeInIndex = 0; path = "Todo+profileApp.app"; sourceTree = BUILT_PRODUCTS_DIR; };
		FF5C30E12ABC23B1001BD836 /* AppDelegate.swift */ = {isa = PBXFileReference; lastKnownFileType = sourcecode.swift; path = AppDelegate.swift; sourceTree = "<group>"; };
		FF5C30E32ABC23B1001BD836 /* SceneDelegate.swift */ = {isa = PBXFileReference; lastKnownFileType = sourcecode.swift; path = SceneDelegate.swift; sourceTree = "<group>"; };
		FF5C30E52ABC23B1001BD836 /* ViewController.swift */ = {isa = PBXFileReference; lastKnownFileType = sourcecode.swift; path = ViewController.swift; sourceTree = "<group>"; };
		FF5C30EB2ABC23B1001BD836 /* Todo_profileApp.xcdatamodel */ = {isa = PBXFileReference; lastKnownFileType = wrapper.xcdatamodel; path = Todo_profileApp.xcdatamodel; sourceTree = "<group>"; };
		FF5C30ED2ABC23B2001BD836 /* Assets.xcassets */ = {isa = PBXFileReference; lastKnownFileType = folder.assetcatalog; path = Assets.xcassets; sourceTree = "<group>"; };
		FF5C30F02ABC23B2001BD836 /* Base */ = {isa = PBXFileReference; lastKnownFileType = file.storyboard; name = Base; path = Base.lproj/LaunchScreen.storyboard; sourceTree = "<group>"; };
		FF5C30F22ABC23B2001BD836 /* Info.plist */ = {isa = PBXFileReference; lastKnownFileType = text.plist.xml; path = Info.plist; sourceTree = "<group>"; };
		FF5C30F82ABC240D001BD836 /* ToDo+CoreDataClass.swift */ = {isa = PBXFileReference; lastKnownFileType = sourcecode.swift; path = "ToDo+CoreDataClass.swift"; sourceTree = "<group>"; };
		FF5C30F92ABC240D001BD836 /* ToDo+CoreDataProperties.swift */ = {isa = PBXFileReference; lastKnownFileType = sourcecode.swift; path = "ToDo+CoreDataProperties.swift"; sourceTree = "<group>"; };
		FF5C312C2ABC2880001BD836 /* UseTodo.swift */ = {isa = PBXFileReference; lastKnownFileType = sourcecode.swift; path = UseTodo.swift; sourceTree = "<group>"; };
		FF5C31312ABC296D001BD836 /* NetworkManager.swift */ = {isa = PBXFileReference; lastKnownFileType = sourcecode.swift; path = NetworkManager.swift; sourceTree = "<group>"; };
		FF5C31332ABC29BA001BD836 /* CompleteViewController.swift */ = {isa = PBXFileReference; lastKnownFileType = sourcecode.swift; path = CompleteViewController.swift; sourceTree = "<group>"; };
		FF5C31352ABC29D1001BD836 /* ProfileViewController.swift */ = {isa = PBXFileReference; lastKnownFileType = sourcecode.swift; path = ProfileViewController.swift; sourceTree = "<group>"; };
		FF5C31372ABC29DD001BD836 /* CollectionViewCell.swift */ = {isa = PBXFileReference; lastKnownFileType = sourcecode.swift; path = CollectionViewCell.swift; sourceTree = "<group>"; };
		FF5C31392ABC29F6001BD836 /* DetailViewController.swift */ = {isa = PBXFileReference; lastKnownFileType = sourcecode.swift; path = DetailViewController.swift; sourceTree = "<group>"; };
		FF5C313B2ABC2A17001BD836 /* CatViewController.swift */ = {isa = PBXFileReference; lastKnownFileType = sourcecode.swift; path = CatViewController.swift; sourceTree = "<group>"; };
		FF5C313D2ABC2A2D001BD836 /* PostViewController.swift */ = {isa = PBXFileReference; lastKnownFileType = sourcecode.swift; path = PostViewController.swift; sourceTree = "<group>"; };
		FF5C313F2ABC2A5C001BD836 /* TableViewCell.swift */ = {isa = PBXFileReference; lastKnownFileType = sourcecode.swift; path = TableViewCell.swift; sourceTree = "<group>"; };
		FF5C31412ABC2A79001BD836 /* DataManager.swift */ = {isa = PBXFileReference; lastKnownFileType = sourcecode.swift; path = DataManager.swift; sourceTree = "<group>"; };
		FF5C31432ABC2A9B001BD836 /* CatImage.swift */ = {isa = PBXFileReference; lastKnownFileType = sourcecode.swift; path = CatImage.swift; sourceTree = "<group>"; };
		FF5C31452ABC2ABD001BD836 /* Util.swift */ = {isa = PBXFileReference; lastKnownFileType = sourcecode.swift; path = Util.swift; sourceTree = "<group>"; };
		FF5C31472ABC2D90001BD836 /* PostViewModel.swift */ = {isa = PBXFileReference; lastKnownFileType = sourcecode.swift; path = PostViewModel.swift; sourceTree = "<group>"; };
		FF5C31492ABC82F6001BD836 /* DetailViewModel.swift */ = {isa = PBXFileReference; lastKnownFileType = sourcecode.swift; path = DetailViewModel.swift; sourceTree = "<group>"; };
		FF5C314B2ABC8FEE001BD836 /* CompleteViewModel.swift */ = {isa = PBXFileReference; lastKnownFileType = sourcecode.swift; path = CompleteViewModel.swift; sourceTree = "<group>"; };
/* End PBXFileReference section */

/* Begin PBXFrameworksBuildPhase section */
		FF5C30DB2ABC23B1001BD836 /* Frameworks */ = {
			isa = PBXFrameworksBuildPhase;
			buildActionMask = 2147483647;
			files = (
				FF5C31062ABC266F001BD836 /* SnapKit in Frameworks */,
				FF5C31092ABC267B001BD836 /* Alamofire in Frameworks */,
			);
			runOnlyForDeploymentPostprocessing = 0;
		};
/* End PBXFrameworksBuildPhase section */

/* Begin PBXGroup section */
		FF5C30D52ABC23B1001BD836 = {
			isa = PBXGroup;
			children = (
				FF5C30F82ABC240D001BD836 /* ToDo+CoreDataClass.swift */,
				FF5C30F92ABC240D001BD836 /* ToDo+CoreDataProperties.swift */,
				FF5C30E02ABC23B1001BD836 /* Todo+profileApp */,
				FF5C30DF2ABC23B1001BD836 /* Products */,
			);
			sourceTree = "<group>";
		};
		FF5C30DF2ABC23B1001BD836 /* Products */ = {
			isa = PBXGroup;
			children = (
				FF5C30DE2ABC23B1001BD836 /* Todo+profileApp.app */,
			);
			name = Products;
			sourceTree = "<group>";
		};
		FF5C30E02ABC23B1001BD836 /* Todo+profileApp */ = {
			isa = PBXGroup;
			children = (
				FF5C312E2ABC2891001BD836 /* Resource */,
				FF5C31162ABC27DC001BD836 /* Present */,
				FF5C31112ABC27C9001BD836 /* Data */,
				FF5C30EA2ABC23B1001BD836 /* TodoModel.xcdatamodeld */,
				FF5C310A2ABC2705001BD836 /* Utils */,
			);
			path = "Todo+profileApp";
			sourceTree = "<group>";
		};
		FF5C310A2ABC2705001BD836 /* Utils */ = {
			isa = PBXGroup;
			children = (
				FF5C31452ABC2ABD001BD836 /* Util.swift */,
			);
			path = Utils;
			sourceTree = "<group>";
		};
		FF5C31112ABC27C9001BD836 /* Data */ = {
			isa = PBXGroup;
			children = (
				FF5C31412ABC2A79001BD836 /* DataManager.swift */,
				FF5C31312ABC296D001BD836 /* NetworkManager.swift */,
				FF5C31432ABC2A9B001BD836 /* CatImage.swift */,
				FF5C312B2ABC2874001BD836 /* Model */,
			);
			path = Data;
			sourceTree = "<group>";
		};
		FF5C31162ABC27DC001BD836 /* Present */ = {
			isa = PBXGroup;
			children = (
				FF5C31182ABC27F2001BD836 /* MainPage */,
				FF5C31172ABC27E7001BD836 /* PostPage */,
				FF5C311A2ABC27FB001BD836 /* DetailPage */,
				FF5C31222ABC2834001BD836 /* CompletePage */,
				FF5C31192ABC27F7001BD836 /* CatPage */,
				FF5C311B2ABC2803001BD836 /* ProfilePage */,
			);
			path = Present;
			sourceTree = "<group>";
		};
		FF5C31172ABC27E7001BD836 /* PostPage */ = {
			isa = PBXGroup;
			children = (
				FF5C313D2ABC2A2D001BD836 /* PostViewController.swift */,
				FF5C31472ABC2D90001BD836 /* PostViewModel.swift */,
				FF5C313F2ABC2A5C001BD836 /* TableViewCell.swift */,
			);
			path = PostPage;
			sourceTree = "<group>";
		};
		FF5C31182ABC27F2001BD836 /* MainPage */ = {
			isa = PBXGroup;
			children = (
				FF5C30E52ABC23B1001BD836 /* ViewController.swift */,
			);
			path = MainPage;
			sourceTree = "<group>";
		};
		FF5C31192ABC27F7001BD836 /* CatPage */ = {
			isa = PBXGroup;
			children = (
				FF5C313B2ABC2A17001BD836 /* CatViewController.swift */,
				FF065DB62ABD33B40043E1AC /* CatViewModel.swift */,
			);
			path = CatPage;
			sourceTree = "<group>";
		};
		FF5C311A2ABC27FB001BD836 /* DetailPage */ = {
			isa = PBXGroup;
			children = (
				FF5C31392ABC29F6001BD836 /* DetailViewController.swift */,
				FF5C31492ABC82F6001BD836 /* DetailViewModel.swift */,
			);
			path = DetailPage;
			sourceTree = "<group>";
		};
		FF5C311B2ABC2803001BD836 /* ProfilePage */ = {
			isa = PBXGroup;
			children = (
				FF5C31352ABC29D1001BD836 /* ProfileViewController.swift */,
				FF5C31372ABC29DD001BD836 /* CollectionViewCell.swift */,
				FF4840452ACFB5A80095E095 /* ProfileViewModel.swift */,
			);
			path = ProfilePage;
			sourceTree = "<group>";
		};
		FF5C31222ABC2834001BD836 /* CompletePage */ = {
			isa = PBXGroup;
			children = (
				FF5C31332ABC29BA001BD836 /* CompleteViewController.swift */,
				FF5C314B2ABC8FEE001BD836 /* CompleteViewModel.swift */,
			);
			path = CompletePage;
			sourceTree = "<group>";
		};
		FF5C312B2ABC2874001BD836 /* Model */ = {
			isa = PBXGroup;
			children = (
				FF5C312C2ABC2880001BD836 /* UseTodo.swift */,
			);
			path = Model;
			sourceTree = "<group>";
		};
		FF5C312E2ABC2891001BD836 /* Resource */ = {
			isa = PBXGroup;
			children = (
				FF5C30E12ABC23B1001BD836 /* AppDelegate.swift */,
				FF5C30E32ABC23B1001BD836 /* SceneDelegate.swift */,
				FF5C30ED2ABC23B2001BD836 /* Assets.xcassets */,
				FF5C30EF2ABC23B2001BD836 /* LaunchScreen.storyboard */,
				FF5C30F22ABC23B2001BD836 /* Info.plist */,
			);
			path = Resource;
			sourceTree = "<group>";
		};
/* End PBXGroup section */

/* Begin PBXNativeTarget section */
		FF5C30DD2ABC23B1001BD836 /* Todo+profileApp */ = {
			isa = PBXNativeTarget;
			buildConfigurationList = FF5C30F52ABC23B2001BD836 /* Build configuration list for PBXNativeTarget "Todo+profileApp" */;
			buildPhases = (
				FF5C30DA2ABC23B1001BD836 /* Sources */,
				FF5C30DB2ABC23B1001BD836 /* Frameworks */,
				FF5C30DC2ABC23B1001BD836 /* Resources */,
			);
			buildRules = (
			);
			dependencies = (
			);
			name = "Todo+profileApp";
			packageProductDependencies = (
				FF5C31052ABC266F001BD836 /* SnapKit */,
				FF5C31082ABC267B001BD836 /* Alamofire */,
			);
			productName = "Todo+profileApp";
			productReference = FF5C30DE2ABC23B1001BD836 /* Todo+profileApp.app */;
			productType = "com.apple.product-type.application";
		};
/* End PBXNativeTarget section */

/* Begin PBXProject section */
		FF5C30D62ABC23B1001BD836 /* Project object */ = {
			isa = PBXProject;
			attributes = {
				BuildIndependentTargetsInParallel = 1;
				LastSwiftUpdateCheck = 1430;
				LastUpgradeCheck = 1430;
				TargetAttributes = {
					FF5C30DD2ABC23B1001BD836 = {
						CreatedOnToolsVersion = 14.3.1;
					};
				};
			};
			buildConfigurationList = FF5C30D92ABC23B1001BD836 /* Build configuration list for PBXProject "Todo+profileApp" */;
			compatibilityVersion = "Xcode 14.0";
			developmentRegion = en;
			hasScannedForEncodings = 0;
			knownRegions = (
				en,
				Base,
			);
			mainGroup = FF5C30D52ABC23B1001BD836;
			packageReferences = (
				FF5C31042ABC266F001BD836 /* XCRemoteSwiftPackageReference "SnapKit" */,
				FF5C31072ABC267B001BD836 /* XCRemoteSwiftPackageReference "Alamofire" */,
			);
			productRefGroup = FF5C30DF2ABC23B1001BD836 /* Products */;
			projectDirPath = "";
			projectRoot = "";
			targets = (
				FF5C30DD2ABC23B1001BD836 /* Todo+profileApp */,
			);
		};
/* End PBXProject section */

/* Begin PBXResourcesBuildPhase section */
		FF5C30DC2ABC23B1001BD836 /* Resources */ = {
			isa = PBXResourcesBuildPhase;
			buildActionMask = 2147483647;
			files = (
				FF5C30F12ABC23B2001BD836 /* LaunchScreen.storyboard in Resources */,
				FF5C30EE2ABC23B2001BD836 /* Assets.xcassets in Resources */,
			);
			runOnlyForDeploymentPostprocessing = 0;
		};
/* End PBXResourcesBuildPhase section */

/* Begin PBXSourcesBuildPhase section */
		FF5C30DA2ABC23B1001BD836 /* Sources */ = {
			isa = PBXSourcesBuildPhase;
			buildActionMask = 2147483647;
			files = (
				FF5C313C2ABC2A17001BD836 /* CatViewController.swift in Sources */,
				FF5C31462ABC2ABD001BD836 /* Util.swift in Sources */,
				FF5C31322ABC296D001BD836 /* NetworkManager.swift in Sources */,
				FF5C314C2ABC8FEE001BD836 /* CompleteViewModel.swift in Sources */,
				FF5C314A2ABC82F6001BD836 /* DetailViewModel.swift in Sources */,
				FF5C312D2ABC2880001BD836 /* UseTodo.swift in Sources */,
				FF5C31402ABC2A5C001BD836 /* TableViewCell.swift in Sources */,
				FF5C30E62ABC23B1001BD836 /* ViewController.swift in Sources */,
				FF5C30E22ABC23B1001BD836 /* AppDelegate.swift in Sources */,
				FF5C30E42ABC23B1001BD836 /* SceneDelegate.swift in Sources */,
				FF5C313E2ABC2A2D001BD836 /* PostViewController.swift in Sources */,
				FF5C31362ABC29D1001BD836 /* ProfileViewController.swift in Sources */,
				FF5C31382ABC29DD001BD836 /* CollectionViewCell.swift in Sources */,
				FF5C30FB2ABC240D001BD836 /* ToDo+CoreDataProperties.swift in Sources */,
				FF5C313A2ABC29F6001BD836 /* DetailViewController.swift in Sources */,
				FF4840462ACFB5A80095E095 /* ProfileViewModel.swift in Sources */,
				FF5C31422ABC2A79001BD836 /* DataManager.swift in Sources */,
				FF5C30FA2ABC240D001BD836 /* ToDo+CoreDataClass.swift in Sources */,
				FF5C31342ABC29BA001BD836 /* CompleteViewController.swift in Sources */,
				FF065DB72ABD33B40043E1AC /* CatViewModel.swift in Sources */,
				FF5C30EC2ABC23B1001BD836 /* TodoModel.xcdatamodeld in Sources */,
				FF5C31442ABC2A9B001BD836 /* CatImage.swift in Sources */,
				FF5C31482ABC2D90001BD836 /* PostViewModel.swift in Sources */,
			);
			runOnlyForDeploymentPostprocessing = 0;
		};
/* End PBXSourcesBuildPhase section */

/* Begin PBXVariantGroup section */
		FF5C30EF2ABC23B2001BD836 /* LaunchScreen.storyboard */ = {
			isa = PBXVariantGroup;
			children = (
				FF5C30F02ABC23B2001BD836 /* Base */,
			);
			name = LaunchScreen.storyboard;
			sourceTree = "<group>";
		};
/* End PBXVariantGroup section */

/* Begin XCBuildConfiguration section */
		FF5C30F32ABC23B2001BD836 /* Debug */ = {
			isa = XCBuildConfiguration;
			buildSettings = {
				ALWAYS_SEARCH_USER_PATHS = NO;
				CLANG_ANALYZER_NONNULL = YES;
				CLANG_ANALYZER_NUMBER_OBJECT_CONVERSION = YES_AGGRESSIVE;
				CLANG_CXX_LANGUAGE_STANDARD = "gnu++20";
				CLANG_ENABLE_MODULES = YES;
				CLANG_ENABLE_OBJC_ARC = YES;
				CLANG_ENABLE_OBJC_WEAK = YES;
				CLANG_WARN_BLOCK_CAPTURE_AUTORELEASING = YES;
				CLANG_WARN_BOOL_CONVERSION = YES;
				CLANG_WARN_COMMA = YES;
				CLANG_WARN_CONSTANT_CONVERSION = YES;
				CLANG_WARN_DEPRECATED_OBJC_IMPLEMENTATIONS = YES;
				CLANG_WARN_DIRECT_OBJC_ISA_USAGE = YES_ERROR;
				CLANG_WARN_DOCUMENTATION_COMMENTS = YES;
				CLANG_WARN_EMPTY_BODY = YES;
				CLANG_WARN_ENUM_CONVERSION = YES;
				CLANG_WARN_INFINITE_RECURSION = YES;
				CLANG_WARN_INT_CONVERSION = YES;
				CLANG_WARN_NON_LITERAL_NULL_CONVERSION = YES;
				CLANG_WARN_OBJC_IMPLICIT_RETAIN_SELF = YES;
				CLANG_WARN_OBJC_LITERAL_CONVERSION = YES;
				CLANG_WARN_OBJC_ROOT_CLASS = YES_ERROR;
				CLANG_WARN_QUOTED_INCLUDE_IN_FRAMEWORK_HEADER = YES;
				CLANG_WARN_RANGE_LOOP_ANALYSIS = YES;
				CLANG_WARN_STRICT_PROTOTYPES = YES;
				CLANG_WARN_SUSPICIOUS_MOVE = YES;
				CLANG_WARN_UNGUARDED_AVAILABILITY = YES_AGGRESSIVE;
				CLANG_WARN_UNREACHABLE_CODE = YES;
				CLANG_WARN__DUPLICATE_METHOD_MATCH = YES;
				COPY_PHASE_STRIP = NO;
				DEBUG_INFORMATION_FORMAT = dwarf;
				ENABLE_STRICT_OBJC_MSGSEND = YES;
				ENABLE_TESTABILITY = YES;
				GCC_C_LANGUAGE_STANDARD = gnu11;
				GCC_DYNAMIC_NO_PIC = NO;
				GCC_NO_COMMON_BLOCKS = YES;
				GCC_OPTIMIZATION_LEVEL = 0;
				GCC_PREPROCESSOR_DEFINITIONS = (
					"DEBUG=1",
					"$(inherited)",
				);
				GCC_WARN_64_TO_32_BIT_CONVERSION = YES;
				GCC_WARN_ABOUT_RETURN_TYPE = YES_ERROR;
				GCC_WARN_UNDECLARED_SELECTOR = YES;
				GCC_WARN_UNINITIALIZED_AUTOS = YES_AGGRESSIVE;
				GCC_WARN_UNUSED_FUNCTION = YES;
				GCC_WARN_UNUSED_VARIABLE = YES;
				INFOPLIST_FILE = "Todo+profileApp/Resource/Info.plist";
				IPHONEOS_DEPLOYMENT_TARGET = 16.4;
				MTL_ENABLE_DEBUG_INFO = INCLUDE_SOURCE;
				MTL_FAST_MATH = YES;
				ONLY_ACTIVE_ARCH = YES;
				SDKROOT = iphoneos;
				SWIFT_ACTIVE_COMPILATION_CONDITIONS = DEBUG;
				SWIFT_OPTIMIZATION_LEVEL = "-Onone";
			};
			name = Debug;
		};
		FF5C30F42ABC23B2001BD836 /* Release */ = {
			isa = XCBuildConfiguration;
			buildSettings = {
				ALWAYS_SEARCH_USER_PATHS = NO;
				CLANG_ANALYZER_NONNULL = YES;
				CLANG_ANALYZER_NUMBER_OBJECT_CONVERSION = YES_AGGRESSIVE;
				CLANG_CXX_LANGUAGE_STANDARD = "gnu++20";
				CLANG_ENABLE_MODULES = YES;
				CLANG_ENABLE_OBJC_ARC = YES;
				CLANG_ENABLE_OBJC_WEAK = YES;
				CLANG_WARN_BLOCK_CAPTURE_AUTORELEASING = YES;
				CLANG_WARN_BOOL_CONVERSION = YES;
				CLANG_WARN_COMMA = YES;
				CLANG_WARN_CONSTANT_CONVERSION = YES;
				CLANG_WARN_DEPRECATED_OBJC_IMPLEMENTATIONS = YES;
				CLANG_WARN_DIRECT_OBJC_ISA_USAGE = YES_ERROR;
				CLANG_WARN_DOCUMENTATION_COMMENTS = YES;
				CLANG_WARN_EMPTY_BODY = YES;
				CLANG_WARN_ENUM_CONVERSION = YES;
				CLANG_WARN_INFINITE_RECURSION = YES;
				CLANG_WARN_INT_CONVERSION = YES;
				CLANG_WARN_NON_LITERAL_NULL_CONVERSION = YES;
				CLANG_WARN_OBJC_IMPLICIT_RETAIN_SELF = YES;
				CLANG_WARN_OBJC_LITERAL_CONVERSION = YES;
				CLANG_WARN_OBJC_ROOT_CLASS = YES_ERROR;
				CLANG_WARN_QUOTED_INCLUDE_IN_FRAMEWORK_HEADER = YES;
				CLANG_WARN_RANGE_LOOP_ANALYSIS = YES;
				CLANG_WARN_STRICT_PROTOTYPES = YES;
				CLANG_WARN_SUSPICIOUS_MOVE = YES;
				CLANG_WARN_UNGUARDED_AVAILABILITY = YES_AGGRESSIVE;
				CLANG_WARN_UNREACHABLE_CODE = YES;
				CLANG_WARN__DUPLICATE_METHOD_MATCH = YES;
				COPY_PHASE_STRIP = NO;
				DEBUG_INFORMATION_FORMAT = "dwarf-with-dsym";
				ENABLE_NS_ASSERTIONS = NO;
				ENABLE_STRICT_OBJC_MSGSEND = YES;
				GCC_C_LANGUAGE_STANDARD = gnu11;
				GCC_NO_COMMON_BLOCKS = YES;
				GCC_WARN_64_TO_32_BIT_CONVERSION = YES;
				GCC_WARN_ABOUT_RETURN_TYPE = YES_ERROR;
				GCC_WARN_UNDECLARED_SELECTOR = YES;
				GCC_WARN_UNINITIALIZED_AUTOS = YES_AGGRESSIVE;
				GCC_WARN_UNUSED_FUNCTION = YES;
				GCC_WARN_UNUSED_VARIABLE = YES;
				INFOPLIST_FILE = "Todo+profileApp/Resource/Info.plist";
				IPHONEOS_DEPLOYMENT_TARGET = 16.4;
				MTL_ENABLE_DEBUG_INFO = NO;
				MTL_FAST_MATH = YES;
				SDKROOT = iphoneos;
				SWIFT_COMPILATION_MODE = wholemodule;
				SWIFT_OPTIMIZATION_LEVEL = "-O";
				VALIDATE_PRODUCT = YES;
			};
			name = Release;
		};
		FF5C30F62ABC23B2001BD836 /* Debug */ = {
			isa = XCBuildConfiguration;
			buildSettings = {
				ASSETCATALOG_COMPILER_APPICON_NAME = AppIcon;
				ASSETCATALOG_COMPILER_GLOBAL_ACCENT_COLOR_NAME = AccentColor;
				CODE_SIGN_STYLE = Automatic;
				CURRENT_PROJECT_VERSION = 1;
				DEVELOPMENT_TEAM = USP329MK32;
				GENERATE_INFOPLIST_FILE = YES;
				INFOPLIST_FILE = "Todo+profileApp/Resource/Info.plist";
				INFOPLIST_KEY_UIApplicationSupportsIndirectInputEvents = YES;
				INFOPLIST_KEY_UILaunchStoryboardName = LaunchScreen;
				INFOPLIST_KEY_UISupportedInterfaceOrientations_iPad = "UIInterfaceOrientationPortrait UIInterfaceOrientationPortraitUpsideDown UIInterfaceOrientationLandscapeLeft UIInterfaceOrientationLandscapeRight";
				INFOPLIST_KEY_UISupportedInterfaceOrientations_iPhone = "UIInterfaceOrientationPortrait UIInterfaceOrientationLandscapeLeft UIInterfaceOrientationLandscapeRight";
				LD_RUNPATH_SEARCH_PATHS = (
					"$(inherited)",
					"@executable_path/Frameworks",
				);
				MARKETING_VERSION = 1.0;
				PRODUCT_BUNDLE_IDENTIFIER = "pinocchio22.Todo-profileApp";
				PRODUCT_NAME = "$(TARGET_NAME)";
				SWIFT_EMIT_LOC_STRINGS = YES;
				SWIFT_VERSION = 5.0;
				TARGETED_DEVICE_FAMILY = "1,2";
			};
			name = Debug;
		};
		FF5C30F72ABC23B2001BD836 /* Release */ = {
			isa = XCBuildConfiguration;
			buildSettings = {
				ASSETCATALOG_COMPILER_APPICON_NAME = AppIcon;
				ASSETCATALOG_COMPILER_GLOBAL_ACCENT_COLOR_NAME = AccentColor;
				CODE_SIGN_STYLE = Automatic;
				CURRENT_PROJECT_VERSION = 1;
				DEVELOPMENT_TEAM = USP329MK32;
				GENERATE_INFOPLIST_FILE = YES;
				INFOPLIST_FILE = "Todo+profileApp/Resource/Info.plist";
				INFOPLIST_KEY_UIApplicationSupportsIndirectInputEvents = YES;
				INFOPLIST_KEY_UILaunchStoryboardName = LaunchScreen;
				INFOPLIST_KEY_UISupportedInterfaceOrientations_iPad = "UIInterfaceOrientationPortrait UIInterfaceOrientationPortraitUpsideDown UIInterfaceOrientationLandscapeLeft UIInterfaceOrientationLandscapeRight";
				INFOPLIST_KEY_UISupportedInterfaceOrientations_iPhone = "UIInterfaceOrientationPortrait UIInterfaceOrientationLandscapeLeft UIInterfaceOrientationLandscapeRight";
				LD_RUNPATH_SEARCH_PATHS = (
					"$(inherited)",
					"@executable_path/Frameworks",
				);
				MARKETING_VERSION = 1.0;
				PRODUCT_BUNDLE_IDENTIFIER = "pinocchio22.Todo-profileApp";
				PRODUCT_NAME = "$(TARGET_NAME)";
				SWIFT_EMIT_LOC_STRINGS = YES;
				SWIFT_VERSION = 5.0;
				TARGETED_DEVICE_FAMILY = "1,2";
			};
			name = Release;
		};
/* End XCBuildConfiguration section */

/* Begin XCConfigurationList section */
		FF5C30D92ABC23B1001BD836 /* Build configuration list for PBXProject "Todo+profileApp" */ = {
			isa = XCConfigurationList;
			buildConfigurations = (
				FF5C30F32ABC23B2001BD836 /* Debug */,
				FF5C30F42ABC23B2001BD836 /* Release */,
			);
			defaultConfigurationIsVisible = 0;
			defaultConfigurationName = Release;
		};
		FF5C30F52ABC23B2001BD836 /* Build configuration list for PBXNativeTarget "Todo+profileApp" */ = {
			isa = XCConfigurationList;
			buildConfigurations = (
				FF5C30F62ABC23B2001BD836 /* Debug */,
				FF5C30F72ABC23B2001BD836 /* Release */,
			);
			defaultConfigurationIsVisible = 0;
			defaultConfigurationName = Release;
		};
/* End XCConfigurationList section */

/* Begin XCRemoteSwiftPackageReference section */
		FF5C31042ABC266F001BD836 /* XCRemoteSwiftPackageReference "SnapKit" */ = {
			isa = XCRemoteSwiftPackageReference;
			repositoryURL = "https://github.com/SnapKit/SnapKit.git";
			requirement = {
				kind = upToNextMajorVersion;
				minimumVersion = 5.0.0;
			};
		};
		FF5C31072ABC267B001BD836 /* XCRemoteSwiftPackageReference "Alamofire" */ = {
			isa = XCRemoteSwiftPackageReference;
			repositoryURL = "https://github.com/Alamofire/Alamofire.git";
			requirement = {
				kind = upToNextMajorVersion;
				minimumVersion = 5.0.0;
			};
		};
/* End XCRemoteSwiftPackageReference section */

/* Begin XCSwiftPackageProductDependency section */
		FF5C31052ABC266F001BD836 /* SnapKit */ = {
			isa = XCSwiftPackageProductDependency;
			package = FF5C31042ABC266F001BD836 /* XCRemoteSwiftPackageReference "SnapKit" */;
			productName = SnapKit;
		};
		FF5C31082ABC267B001BD836 /* Alamofire */ = {
			isa = XCSwiftPackageProductDependency;
			package = FF5C31072ABC267B001BD836 /* XCRemoteSwiftPackageReference "Alamofire" */;
			productName = Alamofire;
		};
/* End XCSwiftPackageProductDependency section */

/* Begin XCVersionGroup section */
		FF5C30EA2ABC23B1001BD836 /* TodoModel.xcdatamodeld */ = {
			isa = XCVersionGroup;
			children = (
				FF5C30EB2ABC23B1001BD836 /* Todo_profileApp.xcdatamodel */,
			);
			currentVersion = FF5C30EB2ABC23B1001BD836 /* Todo_profileApp.xcdatamodel */;
			path = TodoModel.xcdatamodeld;
			sourceTree = "<group>";
			versionGroupType = wrapper.xcdatamodel;
		};
/* End XCVersionGroup section */
	};
	rootObject = FF5C30D62ABC23B1001BD836 /* Project object */;
}
